
Microsoft Visual Studio Solution File, Format Version 12.00
# Visual Studio Version 17
VisualStudioVersion = 17.3.32929.385
MinimumVisualStudioVersion = 10.0.40219.1
Project("{FAE04EC0-301F-11D3-BF4B-00C04F79EFBC}") = "Trading212Tools", "Trading212Tools\Trading212Tools.csproj", "{766B781D-8A0A-4126-9553-40AB69C5DC19}"
EndProject
Global
	GlobalSection(SolutionConfigurationPlatforms) = preSolution
		Debug|Any CPU = Debug|Any CPU
		Release|Any CPU = Release|Any CPU
	EndGlobalSection
	GlobalSection(ProjectConfigurationPlatforms) = postSolution
		{766B781D-8A0A-4126-9553-40AB69C5DC19}.Debug|Any CPU.ActiveCfg = Debug|Any CPU
		{766B781D-8A0A-4126-9553-40AB69C5DC19}.Debug|Any CPU.Build.0 = Debug|Any CPU
		{766B781D-8A0A-4126-9553-40AB69C5DC19}.Release|Any CPU.ActiveCfg = Release|Any CPU
		{766B781D-8A0A-4126-9553-40AB69C5DC19}.Release|Any CPU.Build.0 = Release|Any CPU
	EndGlobalSection
	GlobalSection(SolutionProperties) = preSolution
		HideSolutionNode = FALSE
	EndGlobalSection
	GlobalSection(ExtensibilityGlobals) = postSolution
		SolutionGuid = {D71A30A6-DB92-4731-944C-48356D5DBE64}
	EndGlobalSection
EndGlobal
